
Microsoft Visual Studio Solution File, Format Version 12.00
# Visual Studio Version 17
VisualStudioVersion = 17.11.35327.3
MinimumVisualStudioVersion = 10.0.40219.1
Project("{FAE04EC0-301F-11D3-BF4B-00C04F79EFBC}") = "StrategyPattern", "StrategyPattern\StrategyPattern.csproj", "{F1C76581-02D3-4C2E-9414-042E0BE1FAF9}"
EndProject
Project("{FAE04EC0-301F-11D3-BF4B-00C04F79EFBC}") = "ChainOfResponsibilityPattern", "ChainOfResponsibilityPattern\ChainOfResponsibilityPattern.csproj", "{F6F6BD7C-D705-4127-81A5-13AA12F421CA}"
EndProject
Global
	GlobalSection(SolutionConfigurationPlatforms) = preSolution
		Debug|Any CPU = Debug|Any CPU
		Release|Any CPU = Release|Any CPU
	EndGlobalSection
	GlobalSection(ProjectConfigurationPlatforms) = postSolution
		{F1C76581-02D3-4C2E-9414-042E0BE1FAF9}.Debug|Any CPU.ActiveCfg = Debug|Any CPU
		{F1C76581-02D3-4C2E-9414-042E0BE1FAF9}.Debug|Any CPU.Build.0 = Debug|Any CPU
		{F1C76581-02D3-4C2E-9414-042E0BE1FAF9}.Release|Any CPU.ActiveCfg = Release|Any CPU
		{F1C76581-02D3-4C2E-9414-042E0BE1FAF9}.Release|Any CPU.Build.0 = Release|Any CPU
		{F6F6BD7C-D705-4127-81A5-13AA12F421CA}.Debug|Any CPU.ActiveCfg = Debug|Any CPU
		{F6F6BD7C-D705-4127-81A5-13AA12F421CA}.Debug|Any CPU.Build.0 = Debug|Any CPU
		{F6F6BD7C-D705-4127-81A5-13AA12F421CA}.Release|Any CPU.ActiveCfg = Release|Any CPU
		{F6F6BD7C-D705-4127-81A5-13AA12F421CA}.Release|Any CPU.Build.0 = Release|Any CPU
	EndGlobalSection
	GlobalSection(SolutionProperties) = preSolution
		HideSolutionNode = FALSE
	EndGlobalSection
	GlobalSection(ExtensibilityGlobals) = postSolution
		SolutionGuid = {24FFF2C8-E6D0-454E-AB9C-51E2B3BD16D3}
	EndGlobalSection
EndGlobal
